
Microsoft Visual Studio Solution File, Format Version 12.00
# Visual Studio Version 17
VisualStudioVersion = 17.9.34728.123
MinimumVisualStudioVersion = 10.0.40219.1
Project("{FAE04EC0-301F-11D3-BF4B-00C04F79EFBC}") = "Javier_COMP123_Test02", "Javier_COMP123_Test02\Javier_COMP123_Test02.csproj", "{403E957D-1479-4E61-A2C2-1E42571B6310}"
EndProject
Global
	GlobalSection(SolutionConfigurationPlatforms) = preSolution
		Debug|Any CPU = Debug|Any CPU
		Release|Any CPU = Release|Any CPU
	EndGlobalSection
	GlobalSection(ProjectConfigurationPlatforms) = postSolution
		{403E957D-1479-4E61-A2C2-1E42571B6310}.Debug|Any CPU.ActiveCfg = Debug|Any CPU
		{403E957D-1479-4E61-A2C2-1E42571B6310}.Debug|Any CPU.Build.0 = Debug|Any CPU
		{403E957D-1479-4E61-A2C2-1E42571B6310}.Release|Any CPU.ActiveCfg = Release|Any CPU
		{403E957D-1479-4E61-A2C2-1E42571B6310}.Release|Any CPU.Build.0 = Release|Any CPU
	EndGlobalSection
	GlobalSection(SolutionProperties) = preSolution
		HideSolutionNode = FALSE
	EndGlobalSection
	GlobalSection(ExtensibilityGlobals) = postSolution
		SolutionGuid = {18E653F3-1498-4C79-8A6F-54DE369794C8}
	EndGlobalSection
EndGlobal
